
Microsoft Visual Studio Solution File, Format Version 12.00
# Visual Studio Version 16
VisualStudioVersion = 16.0.30711.63
MinimumVisualStudioVersion = 10.0.40219.1
Project("{9A19103F-16F7-4668-BE54-9A1E7A4F7556}") = "MikuMikuMethods", "MikuMikuMethods.csproj", "{E61F820C-66BB-4D52-810D-A6D7F788FFA1}"
EndProject
Project("{FAE04EC0-301F-11D3-BF4B-00C04F79EFBC}") = "UnitTest", "..\UnitTest\UnitTest.csproj", "{91B13BA0-E233-4D8F-9017-EE72C22B5836}"
EndProject
Global
	GlobalSection(SolutionConfigurationPlatforms) = preSolution
		Debug|Any CPU = Debug|Any CPU
		Release|Any CPU = Release|Any CPU
	EndGlobalSection
	GlobalSection(ProjectConfigurationPlatforms) = postSolution
		{E61F820C-66BB-4D52-810D-A6D7F788FFA1}.Debug|Any CPU.ActiveCfg = Debug|Any CPU
		{E61F820C-66BB-4D52-810D-A6D7F788FFA1}.Debug|Any CPU.Build.0 = Debug|Any CPU
		{E61F820C-66BB-4D52-810D-A6D7F788FFA1}.Release|Any CPU.ActiveCfg = Release|Any CPU
		{E61F820C-66BB-4D52-810D-A6D7F788FFA1}.Release|Any CPU.Build.0 = Release|Any CPU
		{91B13BA0-E233-4D8F-9017-EE72C22B5836}.Debug|Any CPU.ActiveCfg = Debug|Any CPU
		{91B13BA0-E233-4D8F-9017-EE72C22B5836}.Debug|Any CPU.Build.0 = Debug|Any CPU
		{91B13BA0-E233-4D8F-9017-EE72C22B5836}.Release|Any CPU.ActiveCfg = Release|Any CPU
		{91B13BA0-E233-4D8F-9017-EE72C22B5836}.Release|Any CPU.Build.0 = Release|Any CPU
	EndGlobalSection
	GlobalSection(SolutionProperties) = preSolution
		HideSolutionNode = FALSE
	EndGlobalSection
	GlobalSection(ExtensibilityGlobals) = postSolution
		SolutionGuid = {36AEEB33-4F35-4BE5-A014-DEC2C0644A4C}
	EndGlobalSection
EndGlobal
